
Microsoft Visual Studio Solution File, Format Version 12.00
# Visual Studio Version 16
VisualStudioVersion = 16.0.31205.134
MinimumVisualStudioVersion = 10.0.40219.1
Project("{FAE04EC0-301F-11D3-BF4B-00C04F79EFBC}") = "ParseTheParcel", "ParseTheParcel.csproj", "{A9B2BF3D-83FC-4142-A85C-4DB085186C57}"
EndProject
Project("{FAE04EC0-301F-11D3-BF4B-00C04F79EFBC}") = "ParseTheParcelTests", "..\ParseTheParcelTests\ParseTheParcelTests.csproj", "{C9F5F620-A5B7-464D-A493-199010D3086F}"
EndProject
Global
	GlobalSection(SolutionConfigurationPlatforms) = preSolution
		Debug|Any CPU = Debug|Any CPU
		Release|Any CPU = Release|Any CPU
	EndGlobalSection
	GlobalSection(ProjectConfigurationPlatforms) = postSolution
		{A9B2BF3D-83FC-4142-A85C-4DB085186C57}.Debug|Any CPU.ActiveCfg = Debug|Any CPU
		{A9B2BF3D-83FC-4142-A85C-4DB085186C57}.Debug|Any CPU.Build.0 = Debug|Any CPU
		{A9B2BF3D-83FC-4142-A85C-4DB085186C57}.Release|Any CPU.ActiveCfg = Release|Any CPU
		{A9B2BF3D-83FC-4142-A85C-4DB085186C57}.Release|Any CPU.Build.0 = Release|Any CPU
		{C9F5F620-A5B7-464D-A493-199010D3086F}.Debug|Any CPU.ActiveCfg = Debug|Any CPU
		{C9F5F620-A5B7-464D-A493-199010D3086F}.Debug|Any CPU.Build.0 = Debug|Any CPU
		{C9F5F620-A5B7-464D-A493-199010D3086F}.Release|Any CPU.ActiveCfg = Release|Any CPU
		{C9F5F620-A5B7-464D-A493-199010D3086F}.Release|Any CPU.Build.0 = Release|Any CPU
	EndGlobalSection
	GlobalSection(SolutionProperties) = preSolution
		HideSolutionNode = FALSE
	EndGlobalSection
	GlobalSection(ExtensibilityGlobals) = postSolution
		SolutionGuid = {8D02F712-6189-4F32-B0B4-13CB15E30CE9}
	EndGlobalSection
EndGlobal
